
Microsoft Visual Studio Solution File, Format Version 12.00
# Visual Studio 2015
Project("{FAE04EC0-301F-11D3-BF4B-00C04F79EFBC}") = "GI Jam 2015 Pong.CSharp", "GI Jam 2015 Pong.CSharp.csproj", "{FB21848D-BFFC-8497-674E-FEC526A86F36}"
EndProject
Global
	GlobalSection(SolutionConfigurationPlatforms) = preSolution
		Debug|Any CPU = Debug|Any CPU
		Release|Any CPU = Release|Any CPU
	EndGlobalSection
	GlobalSection(ProjectConfigurationPlatforms) = postSolution
		{FB21848D-BFFC-8497-674E-FEC526A86F36}.Debug|Any CPU.ActiveCfg = Debug|Any CPU
		{FB21848D-BFFC-8497-674E-FEC526A86F36}.Debug|Any CPU.Build.0 = Debug|Any CPU
		{FB21848D-BFFC-8497-674E-FEC526A86F36}.Release|Any CPU.ActiveCfg = Release|Any CPU
		{FB21848D-BFFC-8497-674E-FEC526A86F36}.Release|Any CPU.Build.0 = Release|Any CPU
	EndGlobalSection
	GlobalSection(SolutionProperties) = preSolution
		HideSolutionNode = FALSE
	EndGlobalSection
EndGlobal
